// !$*UTF8*$!
{
	archiveVersion = 1;
	classes = {
	};
	objectVersion = 55;
	objects = {

/* Begin PBXBuildFile section */
		4E98D45F2A94DF96007E115C /* AppDelegate.swift in Sources */ = {isa = PBXBuildFile; fileRef = 4E98D45E2A94DF96007E115C /* AppDelegate.swift */; };
		4E98D4612A94DF96007E115C /* SceneDelegate.swift in Sources */ = {isa = PBXBuildFile; fileRef = 4E98D4602A94DF96007E115C /* SceneDelegate.swift */; };
		4E98D4632A94DF96007E115C /* MainController.swift in Sources */ = {isa = PBXBuildFile; fileRef = 4E98D4622A94DF96007E115C /* MainController.swift */; };
		4E98D4662A94DF96007E115C /* Main.storyboard in Resources */ = {isa = PBXBuildFile; fileRef = 4E98D4642A94DF96007E115C /* Main.storyboard */; };
		4E98D4682A94DF99007E115C /* Assets.xcassets in Resources */ = {isa = PBXBuildFile; fileRef = 4E98D4672A94DF99007E115C /* Assets.xcassets */; };
		4E98D46B2A94DF99007E115C /* LaunchScreen.storyboard in Resources */ = {isa = PBXBuildFile; fileRef = 4E98D4692A94DF99007E115C /* LaunchScreen.storyboard */; };
		4E98D4762A94DFEB007E115C /* MediaService.swift in Sources */ = {isa = PBXBuildFile; fileRef = 4E98D4752A94DFEB007E115C /* MediaService.swift */; };
		4E98D4782A94DFF6007E115C /* DataManager.swift in Sources */ = {isa = PBXBuildFile; fileRef = 4E98D4772A94DFF6007E115C /* DataManager.swift */; };
		4ED9E2322A96EB180057AC75 /* Logo.jpg in Resources */ = {isa = PBXBuildFile; fileRef = 4ED9E2312A96EB180057AC75 /* Logo.jpg */; };
		4ED9E23B2A96F3AA0057AC75 /* ToDo.storyboard in Resources */ = {isa = PBXBuildFile; fileRef = 4ED9E2392A96F3AA0057AC75 /* ToDo.storyboard */; };
		4ED9E23E2A96F3C10057AC75 /* Completion.storyboard in Resources */ = {isa = PBXBuildFile; fileRef = 4ED9E23C2A96F3C10057AC75 /* Completion.storyboard */; };
		4ED9E2402A96F41B0057AC75 /* ToDoController.swift in Sources */ = {isa = PBXBuildFile; fileRef = 4ED9E23F2A96F41B0057AC75 /* ToDoController.swift */; };
		4ED9E2422A96F4260057AC75 /* CompletionController.swift in Sources */ = {isa = PBXBuildFile; fileRef = 4ED9E2412A96F4260057AC75 /* CompletionController.swift */; };
		4ED9E2442A96F4F40057AC75 /* ToDoCell.swift in Sources */ = {isa = PBXBuildFile; fileRef = 4ED9E2432A96F4F40057AC75 /* ToDoCell.swift */; };
		4ED9E2462A96F5070057AC75 /* CompletionCell.swift in Sources */ = {isa = PBXBuildFile; fileRef = 4ED9E2452A96F5070057AC75 /* CompletionCell.swift */; };
		4ED9E2492A96F80D0057AC75 /* Utility.swift in Sources */ = {isa = PBXBuildFile; fileRef = 4ED9E2482A96F80D0057AC75 /* Utility.swift */; };
		4ED9E24B2A97323A0057AC75 /* Function.swift in Sources */ = {isa = PBXBuildFile; fileRef = 4ED9E24A2A97323A0057AC75 /* Function.swift */; };
		4ED9E24D2A9735D50057AC75 /* CustomUIBarButtonItem.swift in Sources */ = {isa = PBXBuildFile; fileRef = 4ED9E24C2A9735D50057AC75 /* CustomUIBarButtonItem.swift */; };
		4ED9E2502A97539E0057AC75 /* WriteToDo.storyboard in Resources */ = {isa = PBXBuildFile; fileRef = 4ED9E24E2A97539E0057AC75 /* WriteToDo.storyboard */; };
		4ED9E2522A9756400057AC75 /* TodoWriteController.swift in Sources */ = {isa = PBXBuildFile; fileRef = 4ED9E2512A9756400057AC75 /* TodoWriteController.swift */; };
/* End PBXBuildFile section */

/* Begin PBXFileReference section */
		4E98D45B2A94DF96007E115C /* MY_TODO_APP.app */ = {isa = PBXFileReference; explicitFileType = wrapper.application; includeInIndex = 0; path = MY_TODO_APP.app; sourceTree = BUILT_PRODUCTS_DIR; };
		4E98D45E2A94DF96007E115C /* AppDelegate.swift */ = {isa = PBXFileReference; lastKnownFileType = sourcecode.swift; path = AppDelegate.swift; sourceTree = "<group>"; };
		4E98D4602A94DF96007E115C /* SceneDelegate.swift */ = {isa = PBXFileReference; lastKnownFileType = sourcecode.swift; path = SceneDelegate.swift; sourceTree = "<group>"; };
		4E98D4622A94DF96007E115C /* MainController.swift */ = {isa = PBXFileReference; lastKnownFileType = sourcecode.swift; path = MainController.swift; sourceTree = "<group>"; };
		4E98D4652A94DF96007E115C /* Base */ = {isa = PBXFileReference; lastKnownFileType = file.storyboard; name = Base; path = Base.lproj/Main.storyboard; sourceTree = "<group>"; };
		4E98D4672A94DF99007E115C /* Assets.xcassets */ = {isa = PBXFileReference; lastKnownFileType = folder.assetcatalog; path = Assets.xcassets; sourceTree = "<group>"; };
		4E98D46A2A94DF99007E115C /* Base */ = {isa = PBXFileReference; lastKnownFileType = file.storyboard; name = Base; path = Base.lproj/LaunchScreen.storyboard; sourceTree = "<group>"; };
		4E98D46C2A94DF99007E115C /* Info.plist */ = {isa = PBXFileReference; lastKnownFileType = text.plist.xml; path = Info.plist; sourceTree = "<group>"; };
		4E98D4752A94DFEB007E115C /* MediaService.swift */ = {isa = PBXFileReference; lastKnownFileType = sourcecode.swift; path = MediaService.swift; sourceTree = "<group>"; };
		4E98D4772A94DFF6007E115C /* DataManager.swift */ = {isa = PBXFileReference; lastKnownFileType = sourcecode.swift; path = DataManager.swift; sourceTree = "<group>"; };
		4ED9E2312A96EB180057AC75 /* Logo.jpg */ = {isa = PBXFileReference; lastKnownFileType = image.jpeg; path = Logo.jpg; sourceTree = "<group>"; };
		4ED9E23A2A96F3AA0057AC75 /* Base */ = {isa = PBXFileReference; lastKnownFileType = file.storyboard; name = Base; path = MY_TODO_APP/Views/Base.lproj/ToDo.storyboard; sourceTree = "<group>"; };
		4ED9E23D2A96F3C10057AC75 /* Base */ = {isa = PBXFileReference; lastKnownFileType = file.storyboard; name = Base; path = MY_TODO_APP/Views/Base.lproj/Completion.storyboard; sourceTree = "<group>"; };
		4ED9E23F2A96F41B0057AC75 /* ToDoController.swift */ = {isa = PBXFileReference; lastKnownFileType = sourcecode.swift; path = ToDoController.swift; sourceTree = "<group>"; };
		4ED9E2412A96F4260057AC75 /* CompletionController.swift */ = {isa = PBXFileReference; lastKnownFileType = sourcecode.swift; path = CompletionController.swift; sourceTree = "<group>"; };
		4ED9E2432A96F4F40057AC75 /* ToDoCell.swift */ = {isa = PBXFileReference; lastKnownFileType = sourcecode.swift; path = ToDoCell.swift; sourceTree = "<group>"; };
		4ED9E2452A96F5070057AC75 /* CompletionCell.swift */ = {isa = PBXFileReference; lastKnownFileType = sourcecode.swift; path = CompletionCell.swift; sourceTree = "<group>"; };
		4ED9E2482A96F80D0057AC75 /* Utility.swift */ = {isa = PBXFileReference; lastKnownFileType = sourcecode.swift; path = Utility.swift; sourceTree = "<group>"; };
		4ED9E24A2A97323A0057AC75 /* Function.swift */ = {isa = PBXFileReference; lastKnownFileType = sourcecode.swift; path = Function.swift; sourceTree = "<group>"; };
		4ED9E24C2A9735D50057AC75 /* CustomUIBarButtonItem.swift */ = {isa = PBXFileReference; fileEncoding = 4; lastKnownFileType = sourcecode.swift; path = CustomUIBarButtonItem.swift; sourceTree = "<group>"; };
		4ED9E24F2A97539E0057AC75 /* Base */ = {isa = PBXFileReference; lastKnownFileType = file.storyboard; name = Base; path = MY_TODO_APP/Views/Base.lproj/WriteToDo.storyboard; sourceTree = "<group>"; };
		4ED9E2512A9756400057AC75 /* TodoWriteController.swift */ = {isa = PBXFileReference; lastKnownFileType = sourcecode.swift; path = TodoWriteController.swift; sourceTree = "<group>"; };
/* End PBXFileReference section */

/* Begin PBXFrameworksBuildPhase section */
		4E98D4582A94DF96007E115C /* Frameworks */ = {
			isa = PBXFrameworksBuildPhase;
			buildActionMask = 2147483647;
			files = (
			);
			runOnlyForDeploymentPostprocessing = 0;
		};
/* End PBXFrameworksBuildPhase section */

/* Begin PBXGroup section */
		4E98D4522A94DF96007E115C = {
			isa = PBXGroup;
			children = (
				4E98D45D2A94DF96007E115C /* MY_TODO_APP */,
				4E98D45C2A94DF96007E115C /* Products */,
			);
			sourceTree = "<group>";
		};
		4E98D45C2A94DF96007E115C /* Products */ = {
			isa = PBXGroup;
			children = (
				4E98D45B2A94DF96007E115C /* MY_TODO_APP.app */,
			);
			name = Products;
			sourceTree = "<group>";
		};
		4E98D45D2A94DF96007E115C /* MY_TODO_APP */ = {
			isa = PBXGroup;
			children = (
				4E98D45E2A94DF96007E115C /* AppDelegate.swift */,
				4E98D4602A94DF96007E115C /* SceneDelegate.swift */,
				4ED9E24A2A97323A0057AC75 /* Function.swift */,
				4ED9E24C2A9735D50057AC75 /* CustomUIBarButtonItem.swift */,
				4E98D4742A94DFBB007E115C /* Models */,
				4E98D4722A94DF9F007E115C /* Controllers */,
				4E98D4732A94DFB1007E115C /* Views */,
				4E98D4672A94DF99007E115C /* Assets.xcassets */,
				4E98D4692A94DF99007E115C /* LaunchScreen.storyboard */,
				4E98D46C2A94DF99007E115C /* Info.plist */,
				4ED9E2312A96EB180057AC75 /* Logo.jpg */,
			);
			path = MY_TODO_APP;
			sourceTree = "<group>";
		};
		4E98D4722A94DF9F007E115C /* Controllers */ = {
			isa = PBXGroup;
			children = (
				4E98D4622A94DF96007E115C /* MainController.swift */,
				4ED9E23F2A96F41B0057AC75 /* ToDoController.swift */,
				4ED9E2412A96F4260057AC75 /* CompletionController.swift */,
				4ED9E2512A9756400057AC75 /* TodoWriteController.swift */,
			);
			path = Controllers;
			sourceTree = "<group>";
		};
		4E98D4732A94DFB1007E115C /* Views */ = {
			isa = PBXGroup;
			children = (
				4E98D4642A94DF96007E115C /* Main.storyboard */,
				4ED9E2392A96F3AA0057AC75 /* ToDo.storyboard */,
				4ED9E23C2A96F3C10057AC75 /* Completion.storyboard */,
				4ED9E24E2A97539E0057AC75 /* WriteToDo.storyboard */,
				4ED9E2472A96F6CA0057AC75 /* Cells */,
			);
			path = Views;
			sourceTree = "<group>";
		};
		4E98D4742A94DFBB007E115C /* Models */ = {
			isa = PBXGroup;
			children = (
				4E98D4772A94DFF6007E115C /* DataManager.swift */,
				4E98D4752A94DFEB007E115C /* MediaService.swift */,
				4ED9E2482A96F80D0057AC75 /* Utility.swift */,
			);
			path = Models;
			sourceTree = "<group>";
		};
		4ED9E2472A96F6CA0057AC75 /* Cells */ = {
			isa = PBXGroup;
			children = (
				4ED9E2432A96F4F40057AC75 /* ToDoCell.swift */,
				4ED9E2452A96F5070057AC75 /* CompletionCell.swift */,
			);
			path = Cells;
			sourceTree = "<group>";
		};
/* End PBXGroup section */

/* Begin PBXNativeTarget section */
		4E98D45A2A94DF96007E115C /* MY_TODO_APP */ = {
			isa = PBXNativeTarget;
			buildConfigurationList = 4E98D46F2A94DF99007E115C /* Build configuration list for PBXNativeTarget "MY_TODO_APP" */;
			buildPhases = (
				4E98D4572A94DF96007E115C /* Sources */,
				4E98D4582A94DF96007E115C /* Frameworks */,
				4E98D4592A94DF96007E115C /* Resources */,
			);
			buildRules = (
			);
			dependencies = (
			);
			name = MY_TODO_APP;
			packageProductDependencies = (
			);
			productName = MY_TODO_APP;
			productReference = 4E98D45B2A94DF96007E115C /* MY_TODO_APP.app */;
			productType = "com.apple.product-type.application";
		};
/* End PBXNativeTarget section */

/* Begin PBXProject section */
		4E98D4532A94DF96007E115C /* Project object */ = {
			isa = PBXProject;
			attributes = {
				BuildIndependentTargetsInParallel = 1;
				LastSwiftUpdateCheck = 1430;
				LastUpgradeCheck = 1430;
				TargetAttributes = {
					4E98D45A2A94DF96007E115C = {
						CreatedOnToolsVersion = 14.3.1;
					};
				};
			};
			buildConfigurationList = 4E98D4562A94DF96007E115C /* Build configuration list for PBXProject "MY_TODO_APP" */;
			compatibilityVersion = "Xcode 13.0";
			developmentRegion = en;
			hasScannedForEncodings = 0;
			knownRegions = (
				en,
				Base,
			);
			mainGroup = 4E98D4522A94DF96007E115C;
			packageReferences = (
			);
			productRefGroup = 4E98D45C2A94DF96007E115C /* Products */;
			projectDirPath = "";
			projectRoot = "";
			targets = (
				4E98D45A2A94DF96007E115C /* MY_TODO_APP */,
			);
		};
/* End PBXProject section */

/* Begin PBXResourcesBuildPhase section */
		4E98D4592A94DF96007E115C /* Resources */ = {
			isa = PBXResourcesBuildPhase;
			buildActionMask = 2147483647;
			files = (
				4ED9E23B2A96F3AA0057AC75 /* ToDo.storyboard in Resources */,
				4ED9E2502A97539E0057AC75 /* WriteToDo.storyboard in Resources */,
				4E98D46B2A94DF99007E115C /* LaunchScreen.storyboard in Resources */,
				4ED9E2322A96EB180057AC75 /* Logo.jpg in Resources */,
				4E98D4682A94DF99007E115C /* Assets.xcassets in Resources */,
				4ED9E23E2A96F3C10057AC75 /* Completion.storyboard in Resources */,
				4E98D4662A94DF96007E115C /* Main.storyboard in Resources */,
			);
			runOnlyForDeploymentPostprocessing = 0;
		};
/* End PBXResourcesBuildPhase section */

/* Begin PBXSourcesBuildPhase section */
		4E98D4572A94DF96007E115C /* Sources */ = {
			isa = PBXSourcesBuildPhase;
			buildActionMask = 2147483647;
			files = (
				4E98D4632A94DF96007E115C /* MainController.swift in Sources */,
				4ED9E2522A9756400057AC75 /* TodoWriteController.swift in Sources */,
				4ED9E2462A96F5070057AC75 /* CompletionCell.swift in Sources */,
				4E98D4782A94DFF6007E115C /* DataManager.swift in Sources */,
				4ED9E24D2A9735D50057AC75 /* CustomUIBarButtonItem.swift in Sources */,
				4E98D45F2A94DF96007E115C /* AppDelegate.swift in Sources */,
				4ED9E2492A96F80D0057AC75 /* Utility.swift in Sources */,
				4E98D4762A94DFEB007E115C /* MediaService.swift in Sources */,
				4E98D4612A94DF96007E115C /* SceneDelegate.swift in Sources */,
				4ED9E2422A96F4260057AC75 /* CompletionController.swift in Sources */,
				4ED9E2402A96F41B0057AC75 /* ToDoController.swift in Sources */,
				4ED9E2442A96F4F40057AC75 /* ToDoCell.swift in Sources */,
				4ED9E24B2A97323A0057AC75 /* Function.swift in Sources */,
			);
			runOnlyForDeploymentPostprocessing = 0;
		};
/* End PBXSourcesBuildPhase section */

/* Begin PBXVariantGroup section */
		4E98D4642A94DF96007E115C /* Main.storyboard */ = {
			isa = PBXVariantGroup;
			children = (
				4E98D4652A94DF96007E115C /* Base */,
			);
			name = Main.storyboard;
			sourceTree = "<group>";
		};
		4E98D4692A94DF99007E115C /* LaunchScreen.storyboard */ = {
			isa = PBXVariantGroup;
			children = (
				4E98D46A2A94DF99007E115C /* Base */,
			);
			name = LaunchScreen.storyboard;
			sourceTree = "<group>";
		};
		4ED9E2392A96F3AA0057AC75 /* ToDo.storyboard */ = {
			isa = PBXVariantGroup;
			children = (
				4ED9E23A2A96F3AA0057AC75 /* Base */,
			);
			name = ToDo.storyboard;
			sourceTree = "<group>";
		};
		4ED9E23C2A96F3C10057AC75 /* Completion.storyboard */ = {
			isa = PBXVariantGroup;
			children = (
				4ED9E23D2A96F3C10057AC75 /* Base */,
			);
			name = Completion.storyboard;
			sourceTree = "<group>";
		};
		4ED9E24E2A97539E0057AC75 /* WriteToDo.storyboard */ = {
			isa = PBXVariantGroup;
			children = (
				4ED9E24F2A97539E0057AC75 /* Base */,
			);
			name = WriteToDo.storyboard;
			sourceTree = "<group>";
		};
/* End PBXVariantGroup section */

/* Begin XCBuildConfiguration section */
		4E98D46D2A94DF99007E115C /* Debug */ = {
			isa = XCBuildConfiguration;
			buildSettings = {
				ALWAYS_SEARCH_USER_PATHS = NO;
				CLANG_ANALYZER_NONNULL = YES;
				CLANG_ANALYZER_NUMBER_OBJECT_CONVERSION = YES_AGGRESSIVE;
				CLANG_CXX_LANGUAGE_STANDARD = "gnu++20";
				CLANG_ENABLE_MODULES = YES;
				CLANG_ENABLE_OBJC_ARC = YES;
				CLANG_ENABLE_OBJC_WEAK = YES;
				CLANG_WARN_BLOCK_CAPTURE_AUTORELEASING = YES;
				CLANG_WARN_BOOL_CONVERSION = YES;
				CLANG_WARN_COMMA = YES;
				CLANG_WARN_CONSTANT_CONVERSION = YES;
				CLANG_WARN_DEPRECATED_OBJC_IMPLEMENTATIONS = YES;
				CLANG_WARN_DIRECT_OBJC_ISA_USAGE = YES_ERROR;
				CLANG_WARN_DOCUMENTATION_COMMENTS = YES;
				CLANG_WARN_EMPTY_BODY = YES;
				CLANG_WARN_ENUM_CONVERSION = YES;
				CLANG_WARN_INFINITE_RECURSION = YES;
				CLANG_WARN_INT_CONVERSION = YES;
				CLANG_WARN_NON_LITERAL_NULL_CONVERSION = YES;
				CLANG_WARN_OBJC_IMPLICIT_RETAIN_SELF = YES;
				CLANG_WARN_OBJC_LITERAL_CONVERSION = YES;
				CLANG_WARN_OBJC_ROOT_CLASS = YES_ERROR;
				CLANG_WARN_QUOTED_INCLUDE_IN_FRAMEWORK_HEADER = YES;
				CLANG_WARN_RANGE_LOOP_ANALYSIS = YES;
				CLANG_WARN_STRICT_PROTOTYPES = YES;
				CLANG_WARN_SUSPICIOUS_MOVE = YES;
				CLANG_WARN_UNGUARDED_AVAILABILITY = YES_AGGRESSIVE;
				CLANG_WARN_UNREACHABLE_CODE = YES;
				CLANG_WARN__DUPLICATE_METHOD_MATCH = YES;
				COPY_PHASE_STRIP = NO;
				DEBUG_INFORMATION_FORMAT = dwarf;
				ENABLE_STRICT_OBJC_MSGSEND = YES;
				ENABLE_TESTABILITY = YES;
				GCC_C_LANGUAGE_STANDARD = gnu11;
				GCC_DYNAMIC_NO_PIC = NO;
				GCC_NO_COMMON_BLOCKS = YES;
				GCC_OPTIMIZATION_LEVEL = 0;
				GCC_PREPROCESSOR_DEFINITIONS = (
					"DEBUG=1",
					"$(inherited)",
				);
				GCC_WARN_64_TO_32_BIT_CONVERSION = YES;
				GCC_WARN_ABOUT_RETURN_TYPE = YES_ERROR;
				GCC_WARN_UNDECLARED_SELECTOR = YES;
				GCC_WARN_UNINITIALIZED_AUTOS = YES_AGGRESSIVE;
				GCC_WARN_UNUSED_FUNCTION = YES;
				GCC_WARN_UNUSED_VARIABLE = YES;
				IPHONEOS_DEPLOYMENT_TARGET = 16.4;
				MTL_ENABLE_DEBUG_INFO = INCLUDE_SOURCE;
				MTL_FAST_MATH = YES;
				ONLY_ACTIVE_ARCH = YES;
				SDKROOT = iphoneos;
				SWIFT_ACTIVE_COMPILATION_CONDITIONS = DEBUG;
				SWIFT_OPTIMIZATION_LEVEL = "-Onone";
			};
			name = Debug;
		};
		4E98D46E2A94DF99007E115C /* Release */ = {
			isa = XCBuildConfiguration;
			buildSettings = {
				ALWAYS_SEARCH_USER_PATHS = NO;
				CLANG_ANALYZER_NONNULL = YES;
				CLANG_ANALYZER_NUMBER_OBJECT_CONVERSION = YES_AGGRESSIVE;
				CLANG_CXX_LANGUAGE_STANDARD = "gnu++20";
				CLANG_ENABLE_MODULES = YES;
				CLANG_ENABLE_OBJC_ARC = YES;
				CLANG_ENABLE_OBJC_WEAK = YES;
				CLANG_WARN_BLOCK_CAPTURE_AUTORELEASING = YES;
				CLANG_WARN_BOOL_CONVERSION = YES;
				CLANG_WARN_COMMA = YES;
				CLANG_WARN_CONSTANT_CONVERSION = YES;
				CLANG_WARN_DEPRECATED_OBJC_IMPLEMENTATIONS = YES;
				CLANG_WARN_DIRECT_OBJC_ISA_USAGE = YES_ERROR;
				CLANG_WARN_DOCUMENTATION_COMMENTS = YES;
				CLANG_WARN_EMPTY_BODY = YES;
				CLANG_WARN_ENUM_CONVERSION = YES;
				CLANG_WARN_INFINITE_RECURSION = YES;
				CLANG_WARN_INT_CONVERSION = YES;
				CLANG_WARN_NON_LITERAL_NULL_CONVERSION = YES;
				CLANG_WARN_OBJC_IMPLICIT_RETAIN_SELF = YES;
				CLANG_WARN_OBJC_LITERAL_CONVERSION = YES;
				CLANG_WARN_OBJC_ROOT_CLASS = YES_ERROR;
				CLANG_WARN_QUOTED_INCLUDE_IN_FRAMEWORK_HEADER = YES;
				CLANG_WARN_RANGE_LOOP_ANALYSIS = YES;
				CLANG_WARN_STRICT_PROTOTYPES = YES;
				CLANG_WARN_SUSPICIOUS_MOVE = YES;
				CLANG_WARN_UNGUARDED_AVAILABILITY = YES_AGGRESSIVE;
				CLANG_WARN_UNREACHABLE_CODE = YES;
				CLANG_WARN__DUPLICATE_METHOD_MATCH = YES;
				COPY_PHASE_STRIP = NO;
				DEBUG_INFORMATION_FORMAT = "dwarf-with-dsym";
				ENABLE_NS_ASSERTIONS = NO;
				ENABLE_STRICT_OBJC_MSGSEND = YES;
				GCC_C_LANGUAGE_STANDARD = gnu11;
				GCC_NO_COMMON_BLOCKS = YES;
				GCC_WARN_64_TO_32_BIT_CONVERSION = YES;
				GCC_WARN_ABOUT_RETURN_TYPE = YES_ERROR;
				GCC_WARN_UNDECLARED_SELECTOR = YES;
				GCC_WARN_UNINITIALIZED_AUTOS = YES_AGGRESSIVE;
				GCC_WARN_UNUSED_FUNCTION = YES;
				GCC_WARN_UNUSED_VARIABLE = YES;
				IPHONEOS_DEPLOYMENT_TARGET = 16.4;
				MTL_ENABLE_DEBUG_INFO = NO;
				MTL_FAST_MATH = YES;
				SDKROOT = iphoneos;
				SWIFT_COMPILATION_MODE = wholemodule;
				SWIFT_OPTIMIZATION_LEVEL = "-O";
				VALIDATE_PRODUCT = YES;
			};
			name = Release;
		};
		4E98D4702A94DF99007E115C /* Debug */ = {
			isa = XCBuildConfiguration;
			buildSettings = {
				ASSETCATALOG_COMPILER_APPICON_NAME = AppIcon;
				ASSETCATALOG_COMPILER_GLOBAL_ACCENT_COLOR_NAME = AccentColor;
				CODE_SIGN_STYLE = Automatic;
				CURRENT_PROJECT_VERSION = 1;
				DEVELOPMENT_TEAM = 4MN45GZSDT;
				GENERATE_INFOPLIST_FILE = YES;
				INFOPLIST_FILE = MY_TODO_APP/Info.plist;
				INFOPLIST_KEY_UIApplicationSupportsIndirectInputEvents = YES;
				INFOPLIST_KEY_UILaunchStoryboardName = LaunchScreen;
				INFOPLIST_KEY_UIMainStoryboardFile = Main;
				INFOPLIST_KEY_UISupportedInterfaceOrientations_iPad = "UIInterfaceOrientationPortrait UIInterfaceOrientationPortraitUpsideDown UIInterfaceOrientationLandscapeLeft UIInterfaceOrientationLandscapeRight";
				INFOPLIST_KEY_UISupportedInterfaceOrientations_iPhone = "UIInterfaceOrientationPortrait UIInterfaceOrientationLandscapeLeft UIInterfaceOrientationLandscapeRight";
				IPHONEOS_DEPLOYMENT_TARGET = 13.0;
				LD_RUNPATH_SEARCH_PATHS = (
					"$(inherited)",
					"@executable_path/Frameworks",
				);
				MARKETING_VERSION = 1.0;
				PRODUCT_BUNDLE_IDENTIFIER = "com.Junwoo.Momo8282.MY-TODO-APP";
				PRODUCT_NAME = "$(TARGET_NAME)";
				SWIFT_EMIT_LOC_STRINGS = YES;
				SWIFT_VERSION = 5.0;
				TARGETED_DEVICE_FAMILY = "1,2";
			};
			name = Debug;
		};
		4E98D4712A94DF99007E115C /* Release */ = {
			isa = XCBuildConfiguration;
			buildSettings = {
				ASSETCATALOG_COMPILER_APPICON_NAME = AppIcon;
				ASSETCATALOG_COMPILER_GLOBAL_ACCENT_COLOR_NAME = AccentColor;
				CODE_SIGN_STYLE = Automatic;
				CURRENT_PROJECT_VERSION = 1;
				DEVELOPMENT_TEAM = 4MN45GZSDT;
				GENERATE_INFOPLIST_FILE = YES;
				INFOPLIST_FILE = MY_TODO_APP/Info.plist;
				INFOPLIST_KEY_UIApplicationSupportsIndirectInputEvents = YES;
				INFOPLIST_KEY_UILaunchStoryboardName = LaunchScreen;
				INFOPLIST_KEY_UIMainStoryboardFile = Main;
				INFOPLIST_KEY_UISupportedInterfaceOrientations_iPad = "UIInterfaceOrientationPortrait UIInterfaceOrientationPortraitUpsideDown UIInterfaceOrientationLandscapeLeft UIInterfaceOrientationLandscapeRight";
				INFOPLIST_KEY_UISupportedInterfaceOrientations_iPhone = "UIInterfaceOrientationPortrait UIInterfaceOrientationLandscapeLeft UIInterfaceOrientationLandscapeRight";
				IPHONEOS_DEPLOYMENT_TARGET = 13.0;
				LD_RUNPATH_SEARCH_PATHS = (
					"$(inherited)",
					"@executable_path/Frameworks",
				);
				MARKETING_VERSION = 1.0;
				PRODUCT_BUNDLE_IDENTIFIER = "com.Junwoo.Momo8282.MY-TODO-APP";
				PRODUCT_NAME = "$(TARGET_NAME)";
				SWIFT_EMIT_LOC_STRINGS = YES;
				SWIFT_VERSION = 5.0;
				TARGETED_DEVICE_FAMILY = "1,2";
			};
			name = Release;
		};
/* End XCBuildConfiguration section */

/* Begin XCConfigurationList section */
		4E98D4562A94DF96007E115C /* Build configuration list for PBXProject "MY_TODO_APP" */ = {
			isa = XCConfigurationList;
			buildConfigurations = (
				4E98D46D2A94DF99007E115C /* Debug */,
				4E98D46E2A94DF99007E115C /* Release */,
			);
			defaultConfigurationIsVisible = 0;
			defaultConfigurationName = Release;
		};
		4E98D46F2A94DF99007E115C /* Build configuration list for PBXNativeTarget "MY_TODO_APP" */ = {
			isa = XCConfigurationList;
			buildConfigurations = (
				4E98D4702A94DF99007E115C /* Debug */,
				4E98D4712A94DF99007E115C /* Release */,
			);
			defaultConfigurationIsVisible = 0;
			defaultConfigurationName = Release;
		};
/* End XCConfigurationList section */
	};
	rootObject = 4E98D4532A94DF96007E115C /* Project object */;
}
